PODS:
  - ZZWebTouchControl (0.1.0)

DEPENDENCIES:
  - ZZWebTouchControl (from `../`)

EXTERNAL SOURCES:
  ZZWebTouchControl:
    :path: "../"

SPEC CHECKSUMS:
  ZZWebTouchControl: 71994da5ce29bef30c1ad1118971e770957b320a

PODFILE CHECKSUM: 04f49221fb0cb0266fc50030cb27317690d58be7

COCOAPODS: 1.5.0
